{
  "originHash" : "13b76300fb15c708f54b47a5de09779f3756b580ea50f467660648fe808b19f5",
  "pins" : [
    {
      "identity" : "imetalplugin",
      "kind" : "remoteSourceControl",
      "location" : "https://github.com/ihmara/iMetalPlugin.git",
      "state" : {
        "revision" : "bdb5e993f957742fce89528b47ac8419c4f6e2f1"
      }
    },
    {
      "identity" : "swift-argument-parser",
      "kind" : "remoteSourceControl",
      "location" : "https://github.com/apple/swift-argument-parser",
      "state" : {
        "revision" : "cdd0ef3755280949551dc26dee5de9ddeda89f54",
        "version" : "1.6.2"
      }
    }
  ],
  "version" : 3
}
