{
  "originHash" : "d4e9e2a01b2434b518985229754fb5d86979e9af6c4291f3bdc5f4cb1262def6",
  "pins" : [
    {
      "identity" : "imetalplugin",
      "kind" : "remoteSourceControl",
      "location" : "https://github.com/ihmara/iMetalPlugin.git",
      "state" : {
        "revision" : "a859bed30b8ac9d379dca0a4f98279cd3d932cc4"
      }
    },
    {
      "identity" : "swift-argument-parser",
      "kind" : "remoteSourceControl",
      "location" : "https://github.com/apple/swift-argument-parser",
      "state" : {
        "revision" : "cdd0ef3755280949551dc26dee5de9ddeda89f54",
        "version" : "1.6.2"
      }
    }
  ],
  "version" : 3
}
