{
  "originHash" : "48a065eb4875a7f66c7d8a3e32a38e075faf015d50bf510d72c1f906377ca6dd",
  "pins" : [
    {
      "identity" : "imetalplugin",
      "kind" : "remoteSourceControl",
      "location" : "https://github.com/ihmara/iMetalPlugin.git",
      "state" : {
        "revision" : "1532d4cfefa61b67da7ad378d7c1c20048aa2127"
      }
    },
    {
      "identity" : "swift-argument-parser",
      "kind" : "remoteSourceControl",
      "location" : "https://github.com/apple/swift-argument-parser",
      "state" : {
        "revision" : "cdd0ef3755280949551dc26dee5de9ddeda89f54",
        "version" : "1.6.2"
      }
    }
  ],
  "version" : 3
}
